# Python 3.12, Windows x86-64. Direct and transitive packages are artifact-pinned.
Mako==1.3.10 \
    --hash=sha256:baef24a52fc4fc514a0887ac600f9f1cff3d82c61d4d700a1fa84d597b88db59
MarkupSafe==3.0.3 \
    --hash=sha256:26a5784ded40c9e318cfc2bdb30fe164bdb8665ded9cd64d500a34fb42067b1c
meson==1.9.0 \
    --hash=sha256:45e51ddc41e37d961582d06e78c48e0f9039011587f3495c4d6b0781dad92357
ninja==1.13.0 \
    --hash=sha256:fb8ee8719f8af47fed145cced4a85f0755dd55d45b2bddaf7431fa89803c5f3e
packaging==25.0 \
    --hash=sha256:29572ef2b1f17581046b3a2227d5c611fb25ec70ca1ba8554b24b0e69331a484
PyYAML==6.0.2 \
    --hash=sha256:7e7401d0de89a9a855c839bc697c079a4af81cf878373abd7dc625847d25cbd8
